Microsoft Visual Studio Solution File, Format Version 11.00
# Visual Studio 2010
Project("{FAE04EC0-301F-11D3-BF4B-00C04F79EFBC}") = "SDCSClient", "SDCSClient\SDCSClient.csproj", "{9B23BCDD-3768-40BE-92C1-621AEA822672}"
EndProject
Project("{FAE04EC0-301F-11D3-BF4B-00C04F79EFBC}") = "SDCSCommon", "SDCSCommon\SDCSCommon.csproj", "{09DCF4B2-2EE3-4805-8ADA-D201F0FBC1F1}"
EndProject
Project("{FAE04EC0-301F-11D3-BF4B-00C04F79EFBC}") = "SDCSServer", "SDCSServer\SDCSServer.csproj", "{1709DF21-3909-4CD6-AB07-B6911B9195D8}"
EndProject
Global
	GlobalSection(SolutionConfigurationPlatforms) = preSolution
		Debug|Any CPU = Debug|Any CPU
		Release|Any CPU = Release|Any CPU
	EndGlobalSection
	GlobalSection(ProjectConfigurationPlatforms) = postSolution
		{9B23BCDD-3768-40BE-92C1-621AEA822672}.Debug|Any CPU.ActiveCfg = Debug|Any CPU
		{9B23BCDD-3768-40BE-92C1-621AEA822672}.Debug|Any CPU.Build.0 = Debug|Any CPU
		{9B23BCDD-3768-40BE-92C1-621AEA822672}.Release|Any CPU.ActiveCfg = Release|Any CPU
		{9B23BCDD-3768-40BE-92C1-621AEA822672}.Release|Any CPU.Build.0 = Release|Any CPU
		{09DCF4B2-2EE3-4805-8ADA-D201F0FBC1F1}.Debug|Any CPU.ActiveCfg = Debug|Any CPU
		{09DCF4B2-2EE3-4805-8ADA-D201F0FBC1F1}.Debug|Any CPU.Build.0 = Debug|Any CPU
		{09DCF4B2-2EE3-4805-8ADA-D201F0FBC1F1}.Release|Any CPU.ActiveCfg = Release|Any CPU
		{09DCF4B2-2EE3-4805-8ADA-D201F0FBC1F1}.Release|Any CPU.Build.0 = Release|Any CPU
		{1709DF21-3909-4CD6-AB07-B6911B9195D8}.Debug|Any CPU.ActiveCfg = Debug|Any CPU
		{1709DF21-3909-4CD6-AB07-B6911B9195D8}.Debug|Any CPU.Build.0 = Debug|Any CPU
		{1709DF21-3909-4CD6-AB07-B6911B9195D8}.Release|Any CPU.ActiveCfg = Release|Any CPU
		{1709DF21-3909-4CD6-AB07-B6911B9195D8}.Release|Any CPU.Build.0 = Release|Any CPU
	EndGlobalSection
	GlobalSection(SolutionProperties) = preSolution
		HideSolutionNode = FALSE
	EndGlobalSection
EndGlobal
